
Microsoft Visual Studio Solution File, Format Version 11.00
# Visual Studio 2010
Project("{FAE04EC0-301F-11D3-BF4B-00C04F79EFBC}") = "UnityBaseProject", "Assembly-CSharp.csproj", "{D5F805DD-F47E-1596-0B74-04D6559CE7C4}"
EndProject
Project("{FAE04EC0-301F-11D3-BF4B-00C04F79EFBC}") = "UnityBaseProject", "Assembly-CSharp-Editor.csproj", "{270543BE-9445-6AA9-728C-57719EAD807B}"
EndProject
Global
	GlobalSection(SolutionConfigurationPlatforms) = preSolution
		Debug|Any CPU = Debug|Any CPU
		Release|Any CPU = Release|Any CPU
	EndGlobalSection
	GlobalSection(ProjectConfigurationPlatforms) = postSolution
		{D5F805DD-F47E-1596-0B74-04D6559CE7C4}.Debug|Any CPU.ActiveCfg = Debug|Any CPU
		{D5F805DD-F47E-1596-0B74-04D6559CE7C4}.Debug|Any CPU.Build.0 = Debug|Any CPU
		{D5F805DD-F47E-1596-0B74-04D6559CE7C4}.Release|Any CPU.ActiveCfg = Release|Any CPU
		{D5F805DD-F47E-1596-0B74-04D6559CE7C4}.Release|Any CPU.Build.0 = Release|Any CPU
		{270543BE-9445-6AA9-728C-57719EAD807B}.Debug|Any CPU.ActiveCfg = Debug|Any CPU
		{270543BE-9445-6AA9-728C-57719EAD807B}.Debug|Any CPU.Build.0 = Debug|Any CPU
		{270543BE-9445-6AA9-728C-57719EAD807B}.Release|Any CPU.ActiveCfg = Release|Any CPU
		{270543BE-9445-6AA9-728C-57719EAD807B}.Release|Any CPU.Build.0 = Release|Any CPU
	EndGlobalSection
	GlobalSection(SolutionProperties) = preSolution
		HideSolutionNode = FALSE
	EndGlobalSection
	GlobalSection(MonoDevelopProperties) = preSolution
		StartupItem = Assembly-CSharp.csproj
	EndGlobalSection
EndGlobal
